
Microsoft Visual Studio Solution File, Format Version 12.00
# Visual Studio Version 17
VisualStudioVersion = 17.13.35931.197
MinimumVisualStudioVersion = 10.0.40219.1
Project("{FAE04EC0-301F-11D3-BF4B-00C04F79EFBC}") = "Pad-Avan Force", "Pad-Avan Force\Pad-Avan Force.csproj", "{2DDBC524-2137-459C-A9CD-0539D5E76988}"
EndProject
Global
	GlobalSection(SolutionConfigurationPlatforms) = preSolution
		Debug|Any CPU = Debug|Any CPU
		Release|Any CPU = Release|Any CPU
	EndGlobalSection
	GlobalSection(ProjectConfigurationPlatforms) = postSolution
		{2DDBC524-2137-459C-A9CD-0539D5E76988}.Debug|Any CPU.ActiveCfg = Debug|Any CPU
		{2DDBC524-2137-459C-A9CD-0539D5E76988}.Debug|Any CPU.Build.0 = Debug|Any CPU
		{2DDBC524-2137-459C-A9CD-0539D5E76988}.Release|Any CPU.ActiveCfg = Release|Any CPU
		{2DDBC524-2137-459C-A9CD-0539D5E76988}.Release|Any CPU.Build.0 = Release|Any CPU
	EndGlobalSection
	GlobalSection(SolutionProperties) = preSolution
		HideSolutionNode = FALSE
	EndGlobalSection
	GlobalSection(ExtensibilityGlobals) = postSolution
		SolutionGuid = {8B128D33-4AD1-487A-BD59-03292265D48F}
	EndGlobalSection
EndGlobal
